// !$*UTF8*$!
{
	archiveVersion = 1;
	classes = {
	};
	objectVersion = 77;
	objects = {

/* Begin PBXContainerItemProxy section */
		76CC566B2D6F38A10027547D /* PBXContainerItemProxy */ = {
			isa = PBXContainerItemProxy;
			containerPortal = 76CC56502D6F38A00027547D /* Project object */;
			proxyType = 1;
			remoteGlobalIDString = 76CC56572D6F38A00027547D;
			remoteInfo = "Eco Ninja";
		};
		76CC56752D6F38A10027547D /* PBXContainerItemProxy */ = {
			isa = PBXContainerItemProxy;
			containerPortal = 76CC56502D6F38A00027547D /* Project object */;
			proxyType = 1;
			remoteGlobalIDString = 76CC56572D6F38A00027547D;
			remoteInfo = "Eco Ninja";
		};
/* End PBXContainerItemProxy section */

/* Begin PBXFileReference section */
		76CC56582D6F38A00027547D /* Eco Ninja.app */ = {isa = PBXFileReference; explicitFileType = wrapper.application; includeInIndex = 0; path = "Eco Ninja.app"; sourceTree = BUILT_PRODUCTS_DIR; };
		76CC566A2D6F38A10027547D /* Eco NinjaTests.xctest */ = {isa = PBXFileReference; explicitFileType = wrapper.cfbundle; includeInIndex = 0; path = "Eco NinjaTests.xctest"; sourceTree = BUILT_PRODUCTS_DIR; };
		76CC56742D6F38A10027547D /* Eco NinjaUITests.xctest */ = {isa = PBXFileReference; explicitFileType = wrapper.cfbundle; includeInIndex = 0; path = "Eco NinjaUITests.xctest"; sourceTree = BUILT_PRODUCTS_DIR; };
/* End PBXFileReference section */

/* Begin PBXFileSystemSynchronizedRootGroup section */
		76CC565A2D6F38A00027547D /* Eco Ninja */ = {
			isa = PBXFileSystemSynchronizedRootGroup;
			path = "Eco Ninja";
			sourceTree = "<group>";
		};
		76CC566D2D6F38A10027547D /* Eco NinjaTests */ = {
			isa = PBXFileSystemSynchronizedRootGroup;
			path = "Eco NinjaTests";
			sourceTree = "<group>";
		};
		76CC56772D6F38A10027547D /* Eco NinjaUITests */ = {
			isa = PBXFileSystemSynchronizedRootGroup;
			path = "Eco NinjaUITests";
			sourceTree = "<group>";
		};
/* End PBXFileSystemSynchronizedRootGroup section */

/* Begin PBXFrameworksBuildPhase section */
		76CC56552D6F38A00027547D /* Frameworks */ = {
			isa = PBXFrameworksBuildPhase;
			buildActionMask = 2147483647;
			files = (
			);
			runOnlyForDeploymentPostprocessing = 0;
		};
		76CC56672D6F38A10027547D /* Frameworks */ = {
			isa = PBXFrameworksBuildPhase;
			buildActionMask = 2147483647;
			files = (
			);
			runOnlyForDeploymentPostprocessing = 0;
		};
		76CC56712D6F38A10027547D /* Frameworks */ = {
			isa = PBXFrameworksBuildPhase;
			buildActionMask = 2147483647;
			files = (
			);
			runOnlyForDeploymentPostprocessing = 0;
		};
/* End PBXFrameworksBuildPhase section */

/* Begin PBXGroup section */
		76CC564F2D6F38A00027547D = {
			isa = PBXGroup;
			children = (
				76CC565A2D6F38A00027547D /* Eco Ninja */,
				76CC566D2D6F38A10027547D /* Eco NinjaTests */,
				76CC56772D6F38A10027547D /* Eco NinjaUITests */,
				76CC56592D6F38A00027547D /* Products */,
			);
			sourceTree = "<group>";
		};
		76CC56592D6F38A00027547D /* Products */ = {
			isa = PBXGroup;
			children = (
				76CC56582D6F38A00027547D /* Eco Ninja.app */,
				76CC566A2D6F38A10027547D /* Eco NinjaTests.xctest */,
				76CC56742D6F38A10027547D /* Eco NinjaUITests.xctest */,
			);
			name = Products;
			sourceTree = "<group>";
		};
/* End PBXGroup section */

/* Begin PBXNativeTarget section */
		76CC56572D6F38A00027547D /* Eco Ninja */ = {
			isa = PBXNativeTarget;
			buildConfigurationList = 76CC567E2D6F38A10027547D /* Build configuration list for PBXNativeTarget "Eco Ninja" */;
			buildPhases = (
				76CC56542D6F38A00027547D /* Sources */,
				76CC56552D6F38A00027547D /* Frameworks */,
				76CC56562D6F38A00027547D /* Resources */,
			);
			buildRules = (
			);
			dependencies = (
			);
			fileSystemSynchronizedGroups = (
				76CC565A2D6F38A00027547D /* Eco Ninja */,
			);
			name = "Eco Ninja";
			packageProductDependencies = (
			);
			productName = "Eco Ninja";
			productReference = 76CC56582D6F38A00027547D /* Eco Ninja.app */;
			productType = "com.apple.product-type.application";
		};
		76CC56692D6F38A10027547D /* Eco NinjaTests */ = {
			isa = PBXNativeTarget;
			buildConfigurationList = 76CC56812D6F38A10027547D /* Build configuration list for PBXNativeTarget "Eco NinjaTests" */;
			buildPhases = (
				76CC56662D6F38A10027547D /* Sources */,
				76CC56672D6F38A10027547D /* Frameworks */,
				76CC56682D6F38A10027547D /* Resources */,
			);
			buildRules = (
			);
			dependencies = (
				76CC566C2D6F38A10027547D /* PBXTargetDependency */,
			);
			fileSystemSynchronizedGroups = (
				76CC566D2D6F38A10027547D /* Eco NinjaTests */,
			);
			name = "Eco NinjaTests";
			packageProductDependencies = (
			);
			productName = "Eco NinjaTests";
			productReference = 76CC566A2D6F38A10027547D /* Eco NinjaTests.xctest */;
			productType = "com.apple.product-type.bundle.unit-test";
		};
		76CC56732D6F38A10027547D /* Eco NinjaUITests */ = {
			isa = PBXNativeTarget;
			buildConfigurationList = 76CC56842D6F38A10027547D /* Build configuration list for PBXNativeTarget "Eco NinjaUITests" */;
			buildPhases = (
				76CC56702D6F38A10027547D /* Sources */,
				76CC56712D6F38A10027547D /* Frameworks */,
				76CC56722D6F38A10027547D /* Resources */,
			);
			buildRules = (
			);
			dependencies = (
				76CC56762D6F38A10027547D /* PBXTargetDependency */,
			);
			fileSystemSynchronizedGroups = (
				76CC56772D6F38A10027547D /* Eco NinjaUITests */,
			);
			name = "Eco NinjaUITests";
			packageProductDependencies = (
			);
			productName = "Eco NinjaUITests";
			productReference = 76CC56742D6F38A10027547D /* Eco NinjaUITests.xctest */;
			productType = "com.apple.product-type.bundle.ui-testing";
		};
/* End PBXNativeTarget section */

/* Begin PBXProject section */
		76CC56502D6F38A00027547D /* Project object */ = {
			isa = PBXProject;
			attributes = {
				BuildIndependentTargetsInParallel = 1;
				LastSwiftUpdateCheck = 1620;
				LastUpgradeCheck = 1620;
				TargetAttributes = {
					76CC56572D6F38A00027547D = {
						CreatedOnToolsVersion = 16.2;
					};
					76CC56692D6F38A10027547D = {
						CreatedOnToolsVersion = 16.2;
						TestTargetID = 76CC56572D6F38A00027547D;
					};
					76CC56732D6F38A10027547D = {
						CreatedOnToolsVersion = 16.2;
						TestTargetID = 76CC56572D6F38A00027547D;
					};
				};
			};
			buildConfigurationList = 76CC56532D6F38A00027547D /* Build configuration list for PBXProject "Eco Ninja" */;
			developmentRegion = "zh-Hant";
			hasScannedForEncodings = 0;
			knownRegions = (
				Base,
				"zh-Hant",
				en,
			);
			mainGroup = 76CC564F2D6F38A00027547D;
			minimizedProjectReferenceProxies = 1;
			packageReferences = (
			);
			preferredProjectObjectVersion = 77;
			productRefGroup = 76CC56592D6F38A00027547D /* Products */;
			projectDirPath = "";
			projectRoot = "";
			targets = (
				76CC56572D6F38A00027547D /* Eco Ninja */,
				76CC56692D6F38A10027547D /* Eco NinjaTests */,
				76CC56732D6F38A10027547D /* Eco NinjaUITests */,
			);
		};
/* End PBXProject section */

/* Begin PBXResourcesBuildPhase section */
		76CC56562D6F38A00027547D /* Resources */ = {
			isa = PBXResourcesBuildPhase;
			buildActionMask = 2147483647;
			files = (
			);
			runOnlyForDeploymentPostprocessing = 0;
		};
		76CC56682D6F38A10027547D /* Resources */ = {
			isa = PBXResourcesBuildPhase;
			buildActionMask = 2147483647;
			files = (
			);
			runOnlyForDeploymentPostprocessing = 0;
		};
		76CC56722D6F38A10027547D /* Resources */ = {
			isa = PBXResourcesBuildPhase;
			buildActionMask = 2147483647;
			files = (
			);
			runOnlyForDeploymentPostprocessing = 0;
		};
/* End PBXResourcesBuildPhase section */

/* Begin PBXSourcesBuildPhase section */
		76CC56542D6F38A00027547D /* Sources */ = {
			isa = PBXSourcesBuildPhase;
			buildActionMask = 2147483647;
			files = (
			);
			runOnlyForDeploymentPostprocessing = 0;
		};
		76CC56662D6F38A10027547D /* Sources */ = {
			isa = PBXSourcesBuildPhase;
			buildActionMask = 2147483647;
			files = (
			);
			runOnlyForDeploymentPostprocessing = 0;
		};
		76CC56702D6F38A10027547D /* Sources */ = {
			isa = PBXSourcesBuildPhase;
			buildActionMask = 2147483647;
			files = (
			);
			runOnlyForDeploymentPostprocessing = 0;
		};
/* End PBXSourcesBuildPhase section */

/* Begin PBXTargetDependency section */
		76CC566C2D6F38A10027547D /* PBXTargetDependency */ = {
			isa = PBXTargetDependency;
			target = 76CC56572D6F38A00027547D /* Eco Ninja */;
			targetProxy = 76CC566B2D6F38A10027547D /* PBXContainerItemProxy */;
		};
		76CC56762D6F38A10027547D /* PBXTargetDependency */ = {
			isa = PBXTargetDependency;
			target = 76CC56572D6F38A00027547D /* Eco Ninja */;
			targetProxy = 76CC56752D6F38A10027547D /* PBXContainerItemProxy */;
		};
/* End PBXTargetDependency section */

/* Begin XCBuildConfiguration section */
		76CC567C2D6F38A10027547D /* Debug */ = {
			isa = XCBuildConfiguration;
			buildSettings = {
				ALWAYS_SEARCH_USER_PATHS = NO;
				ASSETCATALOG_COMPILER_GENERATE_SWIFT_ASSET_SYMBOL_EXTENSIONS = YES;
				CLANG_ANALYZER_NONNULL = YES;
				CLANG_ANALYZER_NUMBER_OBJECT_CONVERSION = YES_AGGRESSIVE;
				CLANG_CXX_LANGUAGE_STANDARD = "gnu++20";
				CLANG_ENABLE_MODULES = YES;
				CLANG_ENABLE_OBJC_ARC = YES;
				CLANG_ENABLE_OBJC_WEAK = YES;
				CLANG_WARN_BLOCK_CAPTURE_AUTORELEASING = YES;
				CLANG_WARN_BOOL_CONVERSION = YES;
				CLANG_WARN_COMMA = YES;
				CLANG_WARN_CONSTANT_CONVERSION = YES;
				CLANG_WARN_DEPRECATED_OBJC_IMPLEMENTATIONS = YES;
				CLANG_WARN_DIRECT_OBJC_ISA_USAGE = YES_ERROR;
				CLANG_WARN_DOCUMENTATION_COMMENTS = YES;
				CLANG_WARN_EMPTY_BODY = YES;
				CLANG_WARN_ENUM_CONVERSION = YES;
				CLANG_WARN_INFINITE_RECURSION = YES;
				CLANG_WARN_INT_CONVERSION = YES;
				CLANG_WARN_NON_LITERAL_NULL_CONVERSION = YES;
				CLANG_WARN_OBJC_IMPLICIT_RETAIN_SELF = YES;
				CLANG_WARN_OBJC_LITERAL_CONVERSION = YES;
				CLANG_WARN_OBJC_ROOT_CLASS = YES_ERROR;
				CLANG_WARN_QUOTED_INCLUDE_IN_FRAMEWORK_HEADER = YES;
				CLANG_WARN_RANGE_LOOP_ANALYSIS = YES;
				CLANG_WARN_STRICT_PROTOTYPES = YES;
				CLANG_WARN_SUSPICIOUS_MOVE = YES;
				CLANG_WARN_UNGUARDED_AVAILABILITY = YES_AGGRESSIVE;
				CLANG_WARN_UNREACHABLE_CODE = YES;
				CLANG_WARN__DUPLICATE_METHOD_MATCH = YES;
				COPY_PHASE_STRIP = NO;
				DEBUG_INFORMATION_FORMAT = dwarf;
				ENABLE_STRICT_OBJC_MSGSEND = YES;
				ENABLE_TESTABILITY = YES;
				ENABLE_USER_SCRIPT_SANDBOXING = YES;
				GCC_C_LANGUAGE_STANDARD = gnu17;
				GCC_DYNAMIC_NO_PIC = NO;
				GCC_NO_COMMON_BLOCKS = YES;
				GCC_OPTIMIZATION_LEVEL = 0;
				GCC_PREPROCESSOR_DEFINITIONS = (
					"DEBUG=1",
					"$(inherited)",
				);
				GCC_WARN_64_TO_32_BIT_CONVERSION = YES;
				GCC_WARN_ABOUT_RETURN_TYPE = YES_ERROR;
				GCC_WARN_UNDECLARED_SELECTOR = YES;
				GCC_WARN_UNINITIALIZED_AUTOS = YES_AGGRESSIVE;
				GCC_WARN_UNUSED_FUNCTION = YES;
				GCC_WARN_UNUSED_VARIABLE = YES;
				IPHONEOS_DEPLOYMENT_TARGET = 18.2;
				LOCALIZATION_PREFERS_STRING_CATALOGS = YES;
				MTL_ENABLE_DEBUG_INFO = INCLUDE_SOURCE;
				MTL_FAST_MATH = YES;
				ONLY_ACTIVE_ARCH = YES;
				SDKROOT = iphoneos;
				SWIFT_ACTIVE_COMPILATION_CONDITIONS = "DEBUG $(inherited)";
				SWIFT_EMIT_LOC_STRINGS = YES;
				SWIFT_OPTIMIZATION_LEVEL = "-Onone";
			};
			name = Debug;
		};
		76CC567D2D6F38A10027547D /* Release */ = {
			isa = XCBuildConfiguration;
			buildSettings = {
				ALWAYS_SEARCH_USER_PATHS = NO;
				ASSETCATALOG_COMPILER_GENERATE_SWIFT_ASSET_SYMBOL_EXTENSIONS = YES;
				CLANG_ANALYZER_NONNULL = YES;
				CLANG_ANALYZER_NUMBER_OBJECT_CONVERSION = YES_AGGRESSIVE;
				CLANG_CXX_LANGUAGE_STANDARD = "gnu++20";
				CLANG_ENABLE_MODULES = YES;
				CLANG_ENABLE_OBJC_ARC = YES;
				CLANG_ENABLE_OBJC_WEAK = YES;
				CLANG_WARN_BLOCK_CAPTURE_AUTORELEASING = YES;
				CLANG_WARN_BOOL_CONVERSION = YES;
				CLANG_WARN_COMMA = YES;
				CLANG_WARN_CONSTANT_CONVERSION = YES;
				CLANG_WARN_DEPRECATED_OBJC_IMPLEMENTATIONS = YES;
				CLANG_WARN_DIRECT_OBJC_ISA_USAGE = YES_ERROR;
				CLANG_WARN_DOCUMENTATION_COMMENTS = YES;
				CLANG_WARN_EMPTY_BODY = YES;
				CLANG_WARN_ENUM_CONVERSION = YES;
				CLANG_WARN_INFINITE_RECURSION = YES;
				CLANG_WARN_INT_CONVERSION = YES;
				CLANG_WARN_NON_LITERAL_NULL_CONVERSION = YES;
				CLANG_WARN_OBJC_IMPLICIT_RETAIN_SELF = YES;
				CLANG_WARN_OBJC_LITERAL_CONVERSION = YES;
				CLANG_WARN_OBJC_ROOT_CLASS = YES_ERROR;
				CLANG_WARN_QUOTED_INCLUDE_IN_FRAMEWORK_HEADER = YES;
				CLANG_WARN_RANGE_LOOP_ANALYSIS = YES;
				CLANG_WARN_STRICT_PROTOTYPES = YES;
				CLANG_WARN_SUSPICIOUS_MOVE = YES;
				CLANG_WARN_UNGUARDED_AVAILABILITY = YES_AGGRESSIVE;
				CLANG_WARN_UNREACHABLE_CODE = YES;
				CLANG_WARN__DUPLICATE_METHOD_MATCH = YES;
				COPY_PHASE_STRIP = NO;
				DEBUG_INFORMATION_FORMAT = "dwarf-with-dsym";
				ENABLE_NS_ASSERTIONS = NO;
				ENABLE_STRICT_OBJC_MSGSEND = YES;
				ENABLE_USER_SCRIPT_SANDBOXING = YES;
				GCC_C_LANGUAGE_STANDARD = gnu17;
				GCC_NO_COMMON_BLOCKS = YES;
				GCC_WARN_64_TO_32_BIT_CONVERSION = YES;
				GCC_WARN_ABOUT_RETURN_TYPE = YES_ERROR;
				GCC_WARN_UNDECLARED_SELECTOR = YES;
				GCC_WARN_UNINITIALIZED_AUTOS = YES_AGGRESSIVE;
				GCC_WARN_UNUSED_FUNCTION = YES;
				GCC_WARN_UNUSED_VARIABLE = YES;
				IPHONEOS_DEPLOYMENT_TARGET = 18.2;
				LOCALIZATION_PREFERS_STRING_CATALOGS = YES;
				MTL_ENABLE_DEBUG_INFO = NO;
				MTL_FAST_MATH = YES;
				SDKROOT = iphoneos;
				SWIFT_COMPILATION_MODE = wholemodule;
				SWIFT_EMIT_LOC_STRINGS = YES;
				VALIDATE_PRODUCT = YES;
			};
			name = Release;
		};
		76CC567F2D6F38A10027547D /* Debug */ = {
			isa = XCBuildConfiguration;
			buildSettings = {
				ASSETCATALOG_COMPILER_APPICON_NAME = AppIcon;
				ASSETCATALOG_COMPILER_GLOBAL_ACCENT_COLOR_NAME = AccentColor;
				ASSETCATALOG_COMPILER_INCLUDE_ALL_APPICON_ASSETS = YES;
				CODE_SIGN_ENTITLEMENTS = "Eco Ninja/Eco Ninja.entitlements";
				CODE_SIGN_IDENTITY = "Apple Development";
				CODE_SIGN_STYLE = Automatic;
				CURRENT_PROJECT_VERSION = 1;
				DEVELOPMENT_ASSET_PATHS = "\"Eco Ninja/Preview Content\"";
				DEVELOPMENT_TEAM = 3U9D6RS36B;
				ENABLE_PREVIEWS = YES;
				GENERATE_INFOPLIST_FILE = YES;
				INFOPLIST_KEY_CFBundleDisplayName = "Eco Ninja";
				INFOPLIST_KEY_LSApplicationCategoryType = "public.app-category.food-and-drink";
				INFOPLIST_KEY_UIApplicationSceneManifest_Generation = YES;
				INFOPLIST_KEY_UIApplicationSupportsIndirectInputEvents = YES;
				INFOPLIST_KEY_UILaunchScreen_Generation = YES;
				INFOPLIST_KEY_UIRequiresFullScreen = NO;
				INFOPLIST_KEY_UISupportedInterfaceOrientations = "UIInterfaceOrientationLandscapeLeft UIInterfaceOrientationLandscapeRight UIInterfaceOrientationPortrait";
				INFOPLIST_KEY_UISupportedInterfaceOrientations_iPad = "UIInterfaceOrientationLandscapeLeft UIInterfaceOrientationLandscapeRight UIInterfaceOrientationPortrait UIInterfaceOrientationPortraitUpsideDown";
				IPHONEOS_DEPLOYMENT_TARGET = 17.6;
				LD_RUNPATH_SEARCH_PATHS = (
					"$(inherited)",
					"@executable_path/Frameworks",
				);
				MARKETING_VERSION = 2.0;
				PRODUCT_BUNDLE_IDENTIFIER = "foodninja.Eco-Ninja";
				PRODUCT_NAME = "$(TARGET_NAME)";
				PROVISIONING_PROFILE_SPECIFIER = "";
				SUPPORTED_PLATFORMS = "iphoneos iphonesimulator";
				SUPPORTS_MACCATALYST = NO;
				SUPPORTS_MAC_DESIGNED_FOR_IPHONE_IPAD = NO;
				SUPPORTS_XR_DESIGNED_FOR_IPHONE_IPAD = NO;
				SWIFT_EMIT_LOC_STRINGS = YES;
				SWIFT_VERSION = 5.0;
				TARGETED_DEVICE_FAMILY = "1,2";
			};
			name = Debug;
		};
		76CC56802D6F38A10027547D /* Release */ = {
			isa = XCBuildConfiguration;
			buildSettings = {
				ASSETCATALOG_COMPILER_APPICON_NAME = AppIcon;
				ASSETCATALOG_COMPILER_GLOBAL_ACCENT_COLOR_NAME = AccentColor;
				ASSETCATALOG_COMPILER_INCLUDE_ALL_APPICON_ASSETS = YES;
				CODE_SIGN_ENTITLEMENTS = "Eco Ninja/Eco Ninja.entitlements";
				CODE_SIGN_IDENTITY = "Apple Development";
				CODE_SIGN_STYLE = Automatic;
				CURRENT_PROJECT_VERSION = 1;
				DEVELOPMENT_ASSET_PATHS = "\"Eco Ninja/Preview Content\"";
				DEVELOPMENT_TEAM = 3U9D6RS36B;
				ENABLE_PREVIEWS = YES;
				GENERATE_INFOPLIST_FILE = YES;
				INFOPLIST_KEY_CFBundleDisplayName = "Eco Ninja";
				INFOPLIST_KEY_LSApplicationCategoryType = "public.app-category.food-and-drink";
				INFOPLIST_KEY_UIApplicationSceneManifest_Generation = YES;
				INFOPLIST_KEY_UIApplicationSupportsIndirectInputEvents = YES;
				INFOPLIST_KEY_UILaunchScreen_Generation = YES;
				INFOPLIST_KEY_UIRequiresFullScreen = NO;
				INFOPLIST_KEY_UISupportedInterfaceOrientations = "UIInterfaceOrientationLandscapeLeft UIInterfaceOrientationLandscapeRight UIInterfaceOrientationPortrait";
				INFOPLIST_KEY_UISupportedInterfaceOrientations_iPad = "UIInterfaceOrientationLandscapeLeft UIInterfaceOrientationLandscapeRight UIInterfaceOrientationPortrait UIInterfaceOrientationPortraitUpsideDown";
				IPHONEOS_DEPLOYMENT_TARGET = 17.6;
				LD_RUNPATH_SEARCH_PATHS = (
					"$(inherited)",
					"@executable_path/Frameworks",
				);
				MARKETING_VERSION = 2.0;
				PRODUCT_BUNDLE_IDENTIFIER = "foodninja.Eco-Ninja";
				PRODUCT_NAME = "$(TARGET_NAME)";
				PROVISIONING_PROFILE_SPECIFIER = "";
				SUPPORTED_PLATFORMS = "iphoneos iphonesimulator";
				SUPPORTS_MACCATALYST = NO;
				SUPPORTS_MAC_DESIGNED_FOR_IPHONE_IPAD = NO;
				SUPPORTS_XR_DESIGNED_FOR_IPHONE_IPAD = NO;
				SWIFT_EMIT_LOC_STRINGS = YES;
				SWIFT_VERSION = 5.0;
				TARGETED_DEVICE_FAMILY = "1,2";
			};
			name = Release;
		};
		76CC56822D6F38A10027547D /* Debug */ = {
			isa = XCBuildConfiguration;
			buildSettings = {
				BUNDLE_LOADER = "$(TEST_HOST)";
				CODE_SIGN_STYLE = Automatic;
				CURRENT_PROJECT_VERSION = 1;
				GENERATE_INFOPLIST_FILE = YES;
				IPHONEOS_DEPLOYMENT_TARGET = 18.2;
				MARKETING_VERSION = 1.0;
				PRODUCT_BUNDLE_IDENTIFIER = "foodninja.Eco-NinjaTests";
				PRODUCT_NAME = "$(TARGET_NAME)";
				SWIFT_EMIT_LOC_STRINGS = NO;
				SWIFT_VERSION = 5.0;
				TARGETED_DEVICE_FAMILY = "1,2";
				TEST_HOST = "$(BUILT_PRODUCTS_DIR)/Eco Ninja.app/$(BUNDLE_EXECUTABLE_FOLDER_PATH)/Eco Ninja";
			};
			name = Debug;
		};
		76CC56832D6F38A10027547D /* Release */ = {
			isa = XCBuildConfiguration;
			buildSettings = {
				BUNDLE_LOADER = "$(TEST_HOST)";
				CODE_SIGN_STYLE = Automatic;
				CURRENT_PROJECT_VERSION = 1;
				GENERATE_INFOPLIST_FILE = YES;
				IPHONEOS_DEPLOYMENT_TARGET = 18.2;
				MARKETING_VERSION = 1.0;
				PRODUCT_BUNDLE_IDENTIFIER = "foodninja.Eco-NinjaTests";
				PRODUCT_NAME = "$(TARGET_NAME)";
				SWIFT_EMIT_LOC_STRINGS = NO;
				SWIFT_VERSION = 5.0;
				TARGETED_DEVICE_FAMILY = "1,2";
				TEST_HOST = "$(BUILT_PRODUCTS_DIR)/Eco Ninja.app/$(BUNDLE_EXECUTABLE_FOLDER_PATH)/Eco Ninja";
			};
			name = Release;
		};
		76CC56852D6F38A10027547D /* Debug */ = {
			isa = XCBuildConfiguration;
			buildSettings = {
				CODE_SIGN_STYLE = Automatic;
				CURRENT_PROJECT_VERSION = 1;
				GENERATE_INFOPLIST_FILE = YES;
				MARKETING_VERSION = 1.0;
				PRODUCT_BUNDLE_IDENTIFIER = "foodninja.Eco-NinjaUITests";
				PRODUCT_NAME = "$(TARGET_NAME)";
				SWIFT_EMIT_LOC_STRINGS = NO;
				SWIFT_VERSION = 5.0;
				TARGETED_DEVICE_FAMILY = "1,2";
				TEST_TARGET_NAME = "Eco Ninja";
			};
			name = Debug;
		};
		76CC56862D6F38A10027547D /* Release */ = {
			isa = XCBuildConfiguration;
			buildSettings = {
				CODE_SIGN_STYLE = Automatic;
				CURRENT_PROJECT_VERSION = 1;
				GENERATE_INFOPLIST_FILE = YES;
				MARKETING_VERSION = 1.0;
				PRODUCT_BUNDLE_IDENTIFIER = "foodninja.Eco-NinjaUITests";
				PRODUCT_NAME = "$(TARGET_NAME)";
				SWIFT_EMIT_LOC_STRINGS = NO;
				SWIFT_VERSION = 5.0;
				TARGETED_DEVICE_FAMILY = "1,2";
				TEST_TARGET_NAME = "Eco Ninja";
			};
			name = Release;
		};
/* End XCBuildConfiguration section */

/* Begin XCConfigurationList section */
		76CC56532D6F38A00027547D /* Build configuration list for PBXProject "Eco Ninja" */ = {
			isa = XCConfigurationList;
			buildConfigurations = (
				76CC567C2D6F38A10027547D /* Debug */,
				76CC567D2D6F38A10027547D /* Release */,
			);
			defaultConfigurationIsVisible = 0;
			defaultConfigurationName = Release;
		};
		76CC567E2D6F38A10027547D /* Build configuration list for PBXNativeTarget "Eco Ninja" */ = {
			isa = XCConfigurationList;
			buildConfigurations = (
				76CC567F2D6F38A10027547D /* Debug */,
				76CC56802D6F38A10027547D /* Release */,
			);
			defaultConfigurationIsVisible = 0;
			defaultConfigurationName = Release;
		};
		76CC56812D6F38A10027547D /* Build configuration list for PBXNativeTarget "Eco NinjaTests" */ = {
			isa = XCConfigurationList;
			buildConfigurations = (
				76CC56822D6F38A10027547D /* Debug */,
				76CC56832D6F38A10027547D /* Release */,
			);
			defaultConfigurationIsVisible = 0;
			defaultConfigurationName = Release;
		};
		76CC56842D6F38A10027547D /* Build configuration list for PBXNativeTarget "Eco NinjaUITests" */ = {
			isa = XCConfigurationList;
			buildConfigurations = (
				76CC56852D6F38A10027547D /* Debug */,
				76CC56862D6F38A10027547D /* Release */,
			);
			defaultConfigurationIsVisible = 0;
			defaultConfigurationName = Release;
		};
/* End XCConfigurationList section */
	};
	rootObject = 76CC56502D6F38A00027547D /* Project object */;
}
